
Microsoft Visual Studio Solution File, Format Version 12.00
# Visual Studio 2013
VisualStudioVersion = 12.0.31101.0
MinimumVisualStudioVersion = 10.0.40219.1
Project("{FAE04EC0-301F-11D3-BF4B-00C04F79EFBC}") = "SharpBizz.Http", "framework\SharpBizz.Http\SharpBizz.Http.csproj", "{73DB2F88-A202-49BC-AF9D-A47B7B969CC3}"
EndProject
Project("{2150E333-8FDC-42A3-9474-1A3956D46DE8}") = "framework", "framework", "{520FBA57-CBB6-492C-A6E1-76255092F32E}"
EndProject
Project("{FAE04EC0-301F-11D3-BF4B-00C04F79EFBC}") = "SharpBizz.Http.Tests", "framework\SharpBizz.Http.Tests\SharpBizz.Http.Tests.csproj", "{5E8D4B52-FA0F-49EA-A0EE-A6D1F535A6EE}"
EndProject
Project("{FAE04EC0-301F-11D3-BF4B-00C04F79EFBC}") = "SharpBizz.Http.Messaging", "framework\SharpBizz.Http.Messaging\SharpBizz.Http.Messaging.csproj", "{A47A276B-2362-420D-B3BE-004845701AB8}"
EndProject
Project("{FAE04EC0-301F-11D3-BF4B-00C04F79EFBC}") = "MainSample", "examples\MainSample\MainSample.csproj", "{B7718C65-F10C-4228-B7E0-343E10E1C8C7}"
EndProject
Project("{2150E333-8FDC-42A3-9474-1A3956D46DE8}") = "examples", "examples", "{68E95B8A-52FE-4303-BCD7-038AF6A45962}"
EndProject
Project("{FAE04EC0-301F-11D3-BF4B-00C04F79EFBC}") = "MainSample.Controls", "examples\MainSample.Controls\MainSample.Controls.csproj", "{AF61F13A-9988-46E4-9370-56987B0E286A}"
EndProject
Project("{2150E333-8FDC-42A3-9474-1A3956D46DE8}") = "IdentityBC", "IdentityBC", "{C9189E7D-CAE7-4009-AD90-9C80312285B0}"
EndProject
Project("{FAE04EC0-301F-11D3-BF4B-00C04F79EFBC}") = "Identity.Abstractions", "examples\IdentityBC\Identity.Abstractions\Identity.Abstractions.csproj", "{393FFCF7-B46C-4981-A766-76FA152BAD49}"
EndProject
Project("{FAE04EC0-301F-11D3-BF4B-00C04F79EFBC}") = "SharpBizz.Domain", "framework\SharpBizz.Domain\SharpBizz.Domain.csproj", "{FFE7050D-12D1-4A59-BE27-5156FD229EC3}"
EndProject
Project("{FAE04EC0-301F-11D3-BF4B-00C04F79EFBC}") = "Identity.Domain", "examples\IdentityBC\Identity.Domain\Identity.Domain.csproj", "{AC011118-1A75-45E8-AE82-5CB86ADF86AD}"
EndProject
Global
	GlobalSection(SolutionConfigurationPlatforms) = preSolution
		Debug|Any CPU = Debug|Any CPU
		Release|Any CPU = Release|Any CPU
	EndGlobalSection
	GlobalSection(ProjectConfigurationPlatforms) = postSolution
		{73DB2F88-A202-49BC-AF9D-A47B7B969CC3}.Debug|Any CPU.ActiveCfg = Debug|Any CPU
		{73DB2F88-A202-49BC-AF9D-A47B7B969CC3}.Debug|Any CPU.Build.0 = Debug|Any CPU
		{73DB2F88-A202-49BC-AF9D-A47B7B969CC3}.Release|Any CPU.ActiveCfg = Release|Any CPU
		{73DB2F88-A202-49BC-AF9D-A47B7B969CC3}.Release|Any CPU.Build.0 = Release|Any CPU
		{5E8D4B52-FA0F-49EA-A0EE-A6D1F535A6EE}.Debug|Any CPU.ActiveCfg = Debug|Any CPU
		{5E8D4B52-FA0F-49EA-A0EE-A6D1F535A6EE}.Debug|Any CPU.Build.0 = Debug|Any CPU
		{5E8D4B52-FA0F-49EA-A0EE-A6D1F535A6EE}.Release|Any CPU.ActiveCfg = Release|Any CPU
		{5E8D4B52-FA0F-49EA-A0EE-A6D1F535A6EE}.Release|Any CPU.Build.0 = Release|Any CPU
		{A47A276B-2362-420D-B3BE-004845701AB8}.Debug|Any CPU.ActiveCfg = Debug|Any CPU
		{A47A276B-2362-420D-B3BE-004845701AB8}.Debug|Any CPU.Build.0 = Debug|Any CPU
		{A47A276B-2362-420D-B3BE-004845701AB8}.Release|Any CPU.ActiveCfg = Release|Any CPU
		{A47A276B-2362-420D-B3BE-004845701AB8}.Release|Any CPU.Build.0 = Release|Any CPU
		{B7718C65-F10C-4228-B7E0-343E10E1C8C7}.Debug|Any CPU.ActiveCfg = Debug|Any CPU
		{B7718C65-F10C-4228-B7E0-343E10E1C8C7}.Debug|Any CPU.Build.0 = Debug|Any CPU
		{B7718C65-F10C-4228-B7E0-343E10E1C8C7}.Release|Any CPU.ActiveCfg = Release|Any CPU
		{B7718C65-F10C-4228-B7E0-343E10E1C8C7}.Release|Any CPU.Build.0 = Release|Any CPU
		{AF61F13A-9988-46E4-9370-56987B0E286A}.Debug|Any CPU.ActiveCfg = Debug|Any CPU
		{AF61F13A-9988-46E4-9370-56987B0E286A}.Debug|Any CPU.Build.0 = Debug|Any CPU
		{AF61F13A-9988-46E4-9370-56987B0E286A}.Release|Any CPU.ActiveCfg = Release|Any CPU
		{AF61F13A-9988-46E4-9370-56987B0E286A}.Release|Any CPU.Build.0 = Release|Any CPU
		{393FFCF7-B46C-4981-A766-76FA152BAD49}.Debug|Any CPU.ActiveCfg = Debug|Any CPU
		{393FFCF7-B46C-4981-A766-76FA152BAD49}.Debug|Any CPU.Build.0 = Debug|Any CPU
		{393FFCF7-B46C-4981-A766-76FA152BAD49}.Release|Any CPU.ActiveCfg = Release|Any CPU
		{393FFCF7-B46C-4981-A766-76FA152BAD49}.Release|Any CPU.Build.0 = Release|Any CPU
		{FFE7050D-12D1-4A59-BE27-5156FD229EC3}.Debug|Any CPU.ActiveCfg = Debug|Any CPU
		{FFE7050D-12D1-4A59-BE27-5156FD229EC3}.Debug|Any CPU.Build.0 = Debug|Any CPU
		{FFE7050D-12D1-4A59-BE27-5156FD229EC3}.Release|Any CPU.ActiveCfg = Release|Any CPU
		{FFE7050D-12D1-4A59-BE27-5156FD229EC3}.Release|Any CPU.Build.0 = Release|Any CPU
		{AC011118-1A75-45E8-AE82-5CB86ADF86AD}.Debug|Any CPU.ActiveCfg = Debug|Any CPU
		{AC011118-1A75-45E8-AE82-5CB86ADF86AD}.Debug|Any CPU.Build.0 = Debug|Any CPU
		{AC011118-1A75-45E8-AE82-5CB86ADF86AD}.Release|Any CPU.ActiveCfg = Release|Any CPU
		{AC011118-1A75-45E8-AE82-5CB86ADF86AD}.Release|Any CPU.Build.0 = Release|Any CPU
	EndGlobalSection
	GlobalSection(SolutionProperties) = preSolution
		HideSolutionNode = FALSE
	EndGlobalSection
	GlobalSection(NestedProjects) = preSolution
		{73DB2F88-A202-49BC-AF9D-A47B7B969CC3} = {520FBA57-CBB6-492C-A6E1-76255092F32E}
		{5E8D4B52-FA0F-49EA-A0EE-A6D1F535A6EE} = {520FBA57-CBB6-492C-A6E1-76255092F32E}
		{A47A276B-2362-420D-B3BE-004845701AB8} = {520FBA57-CBB6-492C-A6E1-76255092F32E}
		{B7718C65-F10C-4228-B7E0-343E10E1C8C7} = {68E95B8A-52FE-4303-BCD7-038AF6A45962}
		{AF61F13A-9988-46E4-9370-56987B0E286A} = {68E95B8A-52FE-4303-BCD7-038AF6A45962}
		{C9189E7D-CAE7-4009-AD90-9C80312285B0} = {68E95B8A-52FE-4303-BCD7-038AF6A45962}
		{393FFCF7-B46C-4981-A766-76FA152BAD49} = {C9189E7D-CAE7-4009-AD90-9C80312285B0}
		{FFE7050D-12D1-4A59-BE27-5156FD229EC3} = {520FBA57-CBB6-492C-A6E1-76255092F32E}
		{AC011118-1A75-45E8-AE82-5CB86ADF86AD} = {C9189E7D-CAE7-4009-AD90-9C80312285B0}
	EndGlobalSection
EndGlobal
